{
  "version": 4,
  "terraform_version": "1.15.8",
  "serial": 21,
  "lineage": "2e1106fd-36a0-0979-8e33-25d16cb1d969",
  "outputs": {},
  "resources": [
    {
      "mode": "managed",
      "type": "azurerm_resource_group",
      "name": "rg",
      "provider": "provider[\"registry.terraform.io/hashicorp/azurerm\"]",
      "instances": [
        {
          "schema_version": 0,
          "attributes": {
            "id": "/subscriptions/0efc1bfe-4f3f-4361-b143-b737300e5e14/resourceGroups/IT-staging-myrg",
            "location": "westeurope",
            "managed_by": "",
            "name": "IT-staging-myrg",
            "tags": null,
            "timeouts": null
          },
          "sensitive_attributes": [],
          "identity_schema_version": 0,
          "identity": {
            "name": "IT-staging-myrg",
            "subscription_id": "0efc1bfe-4f3f-4361-b143-b737300e5e14"
          },
          "private": "eyJlMmJmYjczMC1lY2FhLTExZTYtOGY4OC0zNDM2M2JjN2M0YzAiOnsiY3JlYXRlIjo1NDAwMDAwMDAwMDAwLCJkZWxldGUiOjU0MDAwMDAwMDAwMDAsInJlYWQiOjMwMDAwMDAwMDAwMCwidXBkYXRlIjo1NDAwMDAwMDAwMDAwfX0="
        }
      ]
    },
    {
      "mode": "managed",
      "type": "azurerm_subnet",
      "name": "subnet",
      "provider": "provider[\"registry.terraform.io/hashicorp/azurerm\"]",
      "instances": [
        {
          "schema_version": 0,
          "attributes": {
            "address_prefixes": [
              "10.1.0.0/24"
            ],
            "default_outbound_access_enabled": true,
            "delegation": [],
            "id": "/subscriptions/0efc1bfe-4f3f-4361-b143-b737300e5e14/resourceGroups/IT-staging-myrg/providers/Microsoft.Network/virtualNetworks/IT-staging-myvnet/subnets/subnet1",
            "ip_address_pool": [],
            "name": "subnet1",
            "network_security_group_id": "",
            "network_security_group_id_wo": null,
            "network_security_group_id_wo_version": 0,
            "private_endpoint_network_policies": "Disabled",
            "private_link_service_network_policies_enabled": true,
            "resource_group_name": "IT-staging-myrg",
            "route_table_id": "",
            "route_table_id_wo": null,
            "route_table_id_wo_version": 0,
            "service_endpoint": [],
            "service_endpoint_policy_ids": null,
            "sharing_scope": "",
            "timeouts": null,
            "virtual_network_name": "IT-staging-myvnet"
          },
          "sensitive_attributes": [],
          "identity_schema_version": 0,
          "identity": {
            "name": "subnet1",
            "resource_group_name": "IT-staging-myrg",
            "subscription_id": "0efc1bfe-4f3f-4361-b143-b737300e5e14",
            "virtual_network_name": "IT-staging-myvnet"
          },
          "private": "eyJlMmJmYjczMC1lY2FhLTExZTYtOGY4OC0zNDM2M2JjN2M0YzAiOnsiY3JlYXRlIjoxODAwMDAwMDAwMDAwLCJkZWxldGUiOjE4MDAwMDAwMDAwMDAsInJlYWQiOjMwMDAwMDAwMDAwMCwidXBkYXRlIjoxODAwMDAwMDAwMDAwfX0=",
          "dependencies": [
            "azurerm_resource_group.rg",
            "azurerm_virtual_network.vnet"
          ]
        }
      ]
    },
    {
      "mode": "managed",
      "type": "azurerm_virtual_network",
      "name": "vnet",
      "provider": "provider[\"registry.terraform.io/hashicorp/azurerm\"]",
      "instances": [
        {
          "schema_version": 0,
          "attributes": {
            "address_space": [
              "10.1.0.0/16"
            ],
            "bgp_community": "",
            "ddos_protection_plan": [],
            "dns_servers": [],
            "edge_zone": "",
            "encryption": [],
            "flow_timeout_in_minutes": 0,
            "guid": "ced67e5d-b4ea-42a7-ae73-4747ce54e4e0",
            "id": "/subscriptions/0efc1bfe-4f3f-4361-b143-b737300e5e14/resourceGroups/IT-staging-myrg/providers/Microsoft.Network/virtualNetworks/IT-staging-myvnet",
            "ip_address_pool": [],
            "location": "westeurope",
            "name": "IT-staging-myvnet",
            "private_endpoint_vnet_policies": "Disabled",
            "resource_group_name": "IT-staging-myrg",
            "subnet": [],
            "tags": null,
            "timeouts": null
          },
          "sensitive_attributes": [],
          "identity_schema_version": 0,
          "identity": {
            "name": "IT-staging-myvnet",
            "resource_group_name": "IT-staging-myrg",
            "subscription_id": "0efc1bfe-4f3f-4361-b143-b737300e5e14"
          },
          "private": "eyJlMmJmYjczMC1lY2FhLTExZTYtOGY4OC0zNDM2M2JjN2M0YzAiOnsiY3JlYXRlIjoxODAwMDAwMDAwMDAwLCJkZWxldGUiOjE4MDAwMDAwMDAwMDAsInJlYWQiOjMwMDAwMDAwMDAwMCwidXBkYXRlIjoxODAwMDAwMDAwMDAwfX0=",
          "dependencies": [
            "azurerm_resource_group.rg"
          ]
        }
      ]
    }
  ],
  "check_results": null
}
